
Microsoft Visual Studio Solution File, Format Version 12.00
# Visual Studio Version 17
VisualStudioVersion = 17.7.34018.315
MinimumVisualStudioVersion = 10.0.40219.1
Project("{9A19103F-16F7-4668-BE54-9A1E7A4F7556}") = "BulkyWeb", "BulkyWeb\BulkyWeb.csproj", "{F8607451-6105-4C87-B23E-D1C8F3BE9C75}"
EndProject
Project("{9A19103F-16F7-4668-BE54-9A1E7A4F7556}") = "Bulky.DataAccess", "Bulky.DataAccess\Bulky.DataAccess.csproj", "{FE1C3313-8DFF-4AD2-BAED-FF91E278F966}"
EndProject
Project("{9A19103F-16F7-4668-BE54-9A1E7A4F7556}") = "Bulky.Models", "Bulky.Models\Bulky.Models.csproj", "{31771992-A7E0-46B7-BF24-61E260BD0DB0}"
EndProject
Project("{9A19103F-16F7-4668-BE54-9A1E7A4F7556}") = "Bulky.Utility", "Bulky.Utility\Bulky.Utility.csproj", "{E4F5336C-1E9A-41D3-9ABB-4A86E635ED47}"
EndProject
Global
	GlobalSection(SolutionConfigurationPlatforms) = preSolution
		Debug|Any CPU = Debug|Any CPU
		Release|Any CPU = Release|Any CPU
	EndGlobalSection
	GlobalSection(ProjectConfigurationPlatforms) = postSolution
		{F8607451-6105-4C87-B23E-D1C8F3BE9C75}.Debug|Any CPU.ActiveCfg = Debug|Any CPU
		{F8607451-6105-4C87-B23E-D1C8F3BE9C75}.Debug|Any CPU.Build.0 = Debug|Any CPU
		{F8607451-6105-4C87-B23E-D1C8F3BE9C75}.Release|Any CPU.ActiveCfg = Release|Any CPU
		{F8607451-6105-4C87-B23E-D1C8F3BE9C75}.Release|Any CPU.Build.0 = Release|Any CPU
		{FE1C3313-8DFF-4AD2-BAED-FF91E278F966}.Debug|Any CPU.ActiveCfg = Debug|Any CPU
		{FE1C3313-8DFF-4AD2-BAED-FF91E278F966}.Debug|Any CPU.Build.0 = Debug|Any CPU
		{FE1C3313-8DFF-4AD2-BAED-FF91E278F966}.Release|Any CPU.ActiveCfg = Release|Any CPU
		{FE1C3313-8DFF-4AD2-BAED-FF91E278F966}.Release|Any CPU.Build.0 = Release|Any CPU
		{31771992-A7E0-46B7-BF24-61E260BD0DB0}.Debug|Any CPU.ActiveCfg = Debug|Any CPU
		{31771992-A7E0-46B7-BF24-61E260BD0DB0}.Debug|Any CPU.Build.0 = Debug|Any CPU
		{31771992-A7E0-46B7-BF24-61E260BD0DB0}.Release|Any CPU.ActiveCfg = Release|Any CPU
		{31771992-A7E0-46B7-BF24-61E260BD0DB0}.Release|Any CPU.Build.0 = Release|Any CPU
		{E4F5336C-1E9A-41D3-9ABB-4A86E635ED47}.Debug|Any CPU.ActiveCfg = Debug|Any CPU
		{E4F5336C-1E9A-41D3-9ABB-4A86E635ED47}.Debug|Any CPU.Build.0 = Debug|Any CPU
		{E4F5336C-1E9A-41D3-9ABB-4A86E635ED47}.Release|Any CPU.ActiveCfg = Release|Any CPU
		{E4F5336C-1E9A-41D3-9ABB-4A86E635ED47}.Release|Any CPU.Build.0 = Release|Any CPU
	EndGlobalSection
	GlobalSection(SolutionProperties) = preSolution
		HideSolutionNode = FALSE
	EndGlobalSection
	GlobalSection(ExtensibilityGlobals) = postSolution
		SolutionGuid = {5BA324C2-4E45-46B9-BF8D-3F25D83209B2}
	EndGlobalSection
EndGlobal
